PODS:
  - AFNetworking (3.2.1):
    - AFNetworking/NSURLSession (= 3.2.1)
    - AFNetworking/Reachability (= 3.2.1)
    - AFNetworking/Security (= 3.2.1)
    - AFNetworking/Serialization (= 3.2.1)
    - AFNetworking/UIKit (= 3.2.1)
  - AFNetworking/NSURLSession (3.2.1):
    - AFNetworking/Reachability
    - AFNetworking/Security
    - AFNetworking/Serialization
  - AFNetworking/Reachability (3.2.1)
  - AFNetworking/Security (3.2.1)
  - AFNetworking/Serialization (3.2.1)
  - AFNetworking/UIKit (3.2.1):
    - AFNetworking/NSURLSession
  - BAPickView (1.1.9)
  - BlocksKit (2.2.5):
    - BlocksKit/All (= 2.2.5)
  - BlocksKit/All (2.2.5):
    - BlocksKit/Core
    - BlocksKit/DynamicDelegate
    - BlocksKit/MessageUI
    - BlocksKit/UIKit
  - BlocksKit/Core (2.2.5)
  - BlocksKit/DynamicDelegate (2.2.5)
  - BlocksKit/MessageUI (2.2.5):
    - BlocksKit/Core
    - BlocksKit/DynamicDelegate
  - BlocksKit/UIKit (2.2.5):
    - BlocksKit/Core
    - BlocksKit/DynamicDelegate
  - Bugly (2.5.0)
  - CocoaAsyncSocket (7.6.3)
  - CocoaHTTPServer (2.3):
    - CocoaAsyncSocket
    - CocoaLumberjack
  - CocoaLumberjack (3.6.0):
    - CocoaLumberjack/Core (= 3.6.0)
  - CocoaLumberjack/Core (3.6.0)
  - DZNEmptyDataSet (1.8.1)
  - FMDB (2.7.5):
    - FMDB/standard (= 2.7.5)
  - FMDB/standard (2.7.5)
  - InputKit (1.1.15)
  - IQKeyboardManager (6.0.6)
  - LBXScan (2.3):
    - LBXScan/All (= 2.3)
  - LBXScan/All (2.3):
    - LBXScan/Types (~> 2.2)
    - ZBarSDK (~> 1.3.1)
  - LBXScan/Types (2.3)
  - LYEmptyView (1.2.5)
  - Masonry (1.1.0)
  - MBProgressHUD (1.1.0)
  - MJExtension (3.0.15.1)
  - MJRefresh (3.1.15.7)
  - QIYU_iOS_SDK (5.3.0)
  - Reachability (3.2)
  - ReactiveObjC (3.1.1)
  - RoutingHTTPServer (1.0.0):
    - CocoaHTTPServer (~> 2.3)
  - SDAutoLayout (2.1.9)
  - SDWebImage (5.2.2):
    - SDWebImage/Core (= 5.2.2)
  - SDWebImage/Core (5.2.2)
  - SJBaseVideoPlayer (2.4.4):
    - Masonry
    - Reachability
    - SJBaseVideoPlayer/Header (= 2.4.4)
    - SJBaseVideoPlayer/Model (= 2.4.4)
    - SJBaseVideoPlayer/SJAVMediaPlaybackController (= 2.4.4)
    - SJBaseVideoPlayer/SJDeviceVolumeAndBrightnessManager (= 2.4.4)
    - SJBaseVideoPlayer/SJPrompt (= 2.4.4)
    - SJBaseVideoPlayer/SJRotationManager (= 2.4.4)
    - SJBaseVideoPlayer/Tool (= 2.4.4)
    - SJUIKit/ObserverHelper (>= 0.0.0.23)
    - SJUIKit/Queues (>= 0.0.0.23)
  - SJBaseVideoPlayer/Header (2.4.4):
    - Masonry
    - Reachability
    - SJUIKit/ObserverHelper (>= 0.0.0.23)
    - SJUIKit/Queues (>= 0.0.0.23)
  - SJBaseVideoPlayer/Model (2.4.4):
    - Masonry
    - Reachability
    - SJBaseVideoPlayer/Header
    - SJUIKit/ObserverHelper (>= 0.0.0.23)
    - SJUIKit/Queues (>= 0.0.0.23)
  - SJBaseVideoPlayer/SJAVMediaPlaybackController (2.4.4):
    - Masonry
    - Reachability
    - SJBaseVideoPlayer/SJAVMediaPlaybackController/Core (= 2.4.4)
    - SJBaseVideoPlayer/Tool
    - SJUIKit/ObserverHelper (>= 0.0.0.23)
    - SJUIKit/Queues (>= 0.0.0.23)
  - SJBaseVideoPlayer/SJAVMediaPlaybackController/Core (2.4.4):
    - Masonry
    - Reachability
    - SJBaseVideoPlayer/Tool
    - SJUIKit/ObserverHelper (>= 0.0.0.23)
    - SJUIKit/Queues (>= 0.0.0.23)
  - SJBaseVideoPlayer/SJDeviceVolumeAndBrightnessManager (2.4.4):
    - Masonry
    - Reachability
    - SJBaseVideoPlayer/Header
    - SJBaseVideoPlayer/SJDeviceVolumeAndBrightnessManager/Core (= 2.4.4)
    - SJBaseVideoPlayer/SJDeviceVolumeAndBrightnessManager/ResourceLoader (= 2.4.4)
    - SJUIKit/ObserverHelper (>= 0.0.0.23)
    - SJUIKit/Queues (>= 0.0.0.23)
  - SJBaseVideoPlayer/SJDeviceVolumeAndBrightnessManager/Core (2.4.4):
    - Masonry
    - Reachability
    - SJBaseVideoPlayer/Header
    - SJBaseVideoPlayer/SJDeviceVolumeAndBrightnessManager/ResourceLoader
    - SJUIKit/ObserverHelper (>= 0.0.0.23)
    - SJUIKit/Queues (>= 0.0.0.23)
  - SJBaseVideoPlayer/SJDeviceVolumeAndBrightnessManager/ResourceLoader (2.4.4):
    - Masonry
    - Reachability
    - SJBaseVideoPlayer/Header
    - SJUIKit/ObserverHelper (>= 0.0.0.23)
    - SJUIKit/Queues (>= 0.0.0.23)
  - SJBaseVideoPlayer/SJPrompt (2.4.4):
    - Masonry
    - Reachability
    - SJUIKit/ObserverHelper (>= 0.0.0.23)
    - SJUIKit/Queues (>= 0.0.0.23)
  - SJBaseVideoPlayer/SJRotationManager (2.4.4):
    - Masonry
    - Reachability
    - SJBaseVideoPlayer/Header
    - SJUIKit/ObserverHelper (>= 0.0.0.23)
    - SJUIKit/Queues (>= 0.0.0.23)
  - SJBaseVideoPlayer/Tool (2.4.4):
    - Masonry
    - Reachability
    - SJBaseVideoPlayer/Header
    - SJBaseVideoPlayer/Model
    - SJUIKit/ObserverHelper (>= 0.0.0.23)
    - SJUIKit/Queues (>= 0.0.0.23)
  - SJUIKit/AttributesFactory (0.0.0.36):
    - SJUIKit/AttributesFactory/Deprecated (= 0.0.0.36)
    - SJUIKit/AttributesFactory/UIKitText (= 0.0.0.36)
  - SJUIKit/AttributesFactory/Deprecated (0.0.0.36)
  - SJUIKit/AttributesFactory/UIKitText (0.0.0.36)
  - SJUIKit/ObserverHelper (0.0.0.36)
  - SJUIKit/Queues (0.0.0.36)
  - SJVideoPlayer (2.5.7):
    - Masonry
    - SJBaseVideoPlayer (>= 2.4.1)
    - SJUIKit/AttributesFactory
    - SJVideoPlayer/Adapters (= 2.5.7)
    - SJVideoPlayer/Common (= 2.5.7)
    - SJVideoPlayer/Settings (= 2.5.7)
    - SJVideoPlayer/SJEdgeControlLayer (= 2.5.7)
    - SJVideoPlayer/SJFilmEditingControlLayer (= 2.5.7)
    - SJVideoPlayer/SJLoadFailedControlLayer (= 2.5.7)
    - SJVideoPlayer/SJLoadingView (= 2.5.7)
    - SJVideoPlayer/SJMoreSettingControlLayer (= 2.5.7)
    - SJVideoPlayer/SJNotReachableControlLayer (= 2.5.7)
    - SJVideoPlayer/SJProgressSlider (= 2.5.7)
    - SJVideoPlayer/Switcher (= 2.5.7)
  - SJVideoPlayer/Adapters (2.5.7):
    - Masonry
    - SJBaseVideoPlayer (>= 2.4.1)
    - SJUIKit/AttributesFactory
    - SJVideoPlayer/Common
  - SJVideoPlayer/Common (2.5.7):
    - Masonry
    - SJBaseVideoPlayer (>= 2.4.1)
    - SJUIKit/AttributesFactory
  - SJVideoPlayer/Settings (2.5.7):
    - Masonry
    - SJBaseVideoPlayer (>= 2.4.1)
    - SJUIKit/AttributesFactory
    - SJVideoPlayer/SJEdgeControlLayer/ResourceLoader
    - SJVideoPlayer/SJFilmEditingControlLayer/ResourceLoader
  - SJVideoPlayer/SJEdgeControlLayer (2.5.7):
    - Masonry
    - SJBaseVideoPlayer (>= 2.4.1)
    - SJUIKit/AttributesFactory
    - SJVideoPlayer/Adapters
    - SJVideoPlayer/Common
    - SJVideoPlayer/SJEdgeControlLayer/ResourceLoader (= 2.5.7)
    - SJVideoPlayer/SJEdgeControlLayer/View (= 2.5.7)
    - SJVideoPlayer/SJLoadingView
    - SJVideoPlayer/SJProgressSlider
    - SJVideoPlayer/Switcher
  - SJVideoPlayer/SJEdgeControlLayer/ResourceLoader (2.5.7):
    - Masonry
    - SJBaseVideoPlayer (>= 2.4.1)
    - SJUIKit/AttributesFactory
    - SJVideoPlayer/Adapters
    - SJVideoPlayer/Common
    - SJVideoPlayer/SJLoadingView
    - SJVideoPlayer/SJProgressSlider
    - SJVideoPlayer/Switcher
  - SJVideoPlayer/SJEdgeControlLayer/View (2.5.7):
    - Masonry
    - SJBaseVideoPlayer (>= 2.4.1)
    - SJUIKit/AttributesFactory
    - SJVideoPlayer/Adapters
    - SJVideoPlayer/Common
    - SJVideoPlayer/SJEdgeControlLayer/ResourceLoader
    - SJVideoPlayer/SJLoadingView
    - SJVideoPlayer/SJProgressSlider
    - SJVideoPlayer/Switcher
  - SJVideoPlayer/SJFilmEditingControlLayer (2.5.7):
    - Masonry
    - SJBaseVideoPlayer (>= 2.4.1)
    - SJUIKit/AttributesFactory
    - SJVideoPlayer/Adapters
    - SJVideoPlayer/SJFilmEditingControlLayer/Core (= 2.5.7)
    - SJVideoPlayer/SJFilmEditingControlLayer/ResourceLoader (= 2.5.7)
    - SJVideoPlayer/SJProgressSlider
    - SJVideoPlayer/Switcher
  - SJVideoPlayer/SJFilmEditingControlLayer/Core (2.5.7):
    - Masonry
    - SJBaseVideoPlayer (>= 2.4.1)
    - SJUIKit/AttributesFactory
    - SJVideoPlayer/Adapters
    - SJVideoPlayer/SJFilmEditingControlLayer/ResourceLoader
    - SJVideoPlayer/SJProgressSlider
    - SJVideoPlayer/Switcher
  - SJVideoPlayer/SJFilmEditingControlLayer/ResourceLoader (2.5.7):
    - Masonry
    - SJBaseVideoPlayer (>= 2.4.1)
    - SJUIKit/AttributesFactory
    - SJVideoPlayer/Adapters
    - SJVideoPlayer/SJProgressSlider
    - SJVideoPlayer/Switcher
  - SJVideoPlayer/SJLoadFailedControlLayer (2.5.7):
    - Masonry
    - SJBaseVideoPlayer (>= 2.4.1)
    - SJUIKit/AttributesFactory
    - SJVideoPlayer/SJNotReachableControlLayer
  - SJVideoPlayer/SJLoadingView (2.5.7):
    - Masonry
    - SJBaseVideoPlayer (>= 2.4.1)
    - SJUIKit/AttributesFactory
  - SJVideoPlayer/SJMoreSettingControlLayer (2.5.7):
    - Masonry
    - SJBaseVideoPlayer (>= 2.4.1)
    - SJUIKit/AttributesFactory
    - SJVideoPlayer/SJEdgeControlLayer
    - SJVideoPlayer/SJMoreSettingControlLayer/Core (= 2.5.7)
  - SJVideoPlayer/SJMoreSettingControlLayer/Core (2.5.7):
    - Masonry
    - SJBaseVideoPlayer (>= 2.4.1)
    - SJUIKit/AttributesFactory
    - SJVideoPlayer/SJEdgeControlLayer
  - SJVideoPlayer/SJNotReachableControlLayer (2.5.7):
    - Masonry
    - SJBaseVideoPlayer (>= 2.4.1)
    - SJUIKit/AttributesFactory
    - SJVideoPlayer/SJEdgeControlLayer
  - SJVideoPlayer/SJProgressSlider (2.5.7):
    - Masonry
    - SJBaseVideoPlayer (>= 2.4.1)
    - SJUIKit/AttributesFactory
  - SJVideoPlayer/Switcher (2.5.7):
    - Masonry
    - SJBaseVideoPlayer (>= 2.4.1)
    - SJUIKit/AttributesFactory
  - SWTableViewCell (0.3.7)
  - Toast (3.1.0)
  - TZImagePickerController (3.0.9)
  - VTMagic (1.2.4):
    - VTMagic/Core (= 1.2.4)
  - VTMagic/Core (1.2.4)
  - WMDragView (1.0.1)
  - WMPageController (2.5.2)
  - XCXIB (1.0.1)
  - YTKNetwork (2.0.4):
    - AFNetworking (~> 3.0)
  - ZBarSDK (1.3.1)

DEPENDENCIES:
  - BAPickView (~> 1.1.4)
  - BlocksKit (~> 2.2.5)
  - Bugly (~> 2.5.0)
  - CocoaAsyncSocket (~> 7.6.2)
  - DZNEmptyDataSet (~> 1.8.1)
  - FMDB
  - InputKit (~> 1.1.15)
  - IQKeyboardManager (~> 6.0.1)
  - LBXScan (~> 2.3)
  - LYEmptyView (~> 1.2.2)
  - Masonry (~> 1.1.0)
  - MBProgressHUD (~> 1.1.0)
  - MJExtension (~> 3.0.15.1)
  - MJRefresh (~> 3.1.15.7)
  - QIYU_iOS_SDK
  - ReactiveObjC
  - RoutingHTTPServer
  - SDAutoLayout (~> 2.1.7)
  - SDWebImage
  - SJVideoPlayer
  - SWTableViewCell (~> 0.3.7)
  - Toast (~> 3.1.0)
  - TZImagePickerController (~> 3.0.7)
  - VTMagic
  - WMDragView (~> 1.0.0)
  - WMPageController (~> 2.5.2)
  - XCXIB
  - YTKNetwork (~> 2.0.4)

SPEC REPOS:
  https://github.com/cocoapods/specs.git:
    - AFNetworking
    - BAPickView
    - BlocksKit
    - Bugly
    - CocoaAsyncSocket
    - CocoaHTTPServer
    - CocoaLumberjack
    - DZNEmptyDataSet
    - FMDB
    - InputKit
    - IQKeyboardManager
    - LBXScan
    - LYEmptyView
    - Masonry
    - MBProgressHUD
    - MJExtension
    - MJRefresh
    - QIYU_iOS_SDK
    - Reachability
    - ReactiveObjC
    - RoutingHTTPServer
    - SDAutoLayout
    - SDWebImage
    - SJBaseVideoPlayer
    - SJUIKit
    - SJVideoPlayer
    - SWTableViewCell
    - Toast
    - TZImagePickerController
    - VTMagic
    - WMDragView
    - WMPageController
    - XCXIB
    - YTKNetwork
    - ZBarSDK

SPEC CHECKSUMS:
  AFNetworking: b6f891fdfaed196b46c7a83cf209e09697b94057
  BAPickView: cebe512092193e6ab131c108227d3faa97462f5c
  BlocksKit: 7f422b971407001178d181a43b99014ea2591fe6
  Bugly: 3ca9f255c01025582df26f9222893b383c7e4b4e
  CocoaAsyncSocket: eafaa68a7e0ec99ead0a7b35015e0bf25d2c8987
  CocoaHTTPServer: 5624681fc3473d43b18202f635f9b3abb013b530
  CocoaLumberjack: 78b0c238666f4f58db069738ec176f4519557516
  DZNEmptyDataSet: 9525833b9e68ac21c30253e1d3d7076cc828eaa7
  FMDB: 2ce00b547f966261cd18927a3ddb07cb6f3db82a
  InputKit: b82938c2c684d285909cac9de150739aa4814d10
  IQKeyboardManager: 6b4ecd3e59cf55a26133d802d4678721d7f88499
  LBXScan: e51449f0832d1fe17da632af0d22adeb3cfa3543
  LYEmptyView: b17adfc2dd9ad2988ecaf7c9606efa916e24c767
  Masonry: 678fab65091a9290e40e2832a55e7ab731aad201
  MBProgressHUD: e7baa36a220447d8aeb12769bf0585582f3866d9
  MJExtension: 19bc33ce2eee2d319760f5622562cf581a6ff756
  MJRefresh: 697f8ec75ebdbe9207767bb682cf0f51b0d8a41f
  QIYU_iOS_SDK: 53794314a025da6df17d03d5d6c9051fb246aa97
  Reachability: 33e18b67625424e47b6cde6d202dce689ad7af96
  ReactiveObjC: 011caa393aa0383245f2dcf9bf02e86b80b36040
  RoutingHTTPServer: fab8b13e725f26720500c146d43c98c11ebc4d47
  SDAutoLayout: 6b6f4db0d009dfc46cef14ef710dbb164e86616c
  SDWebImage: 5fcdb02cc35e05fc35791ec514b191d27189f872
  SJBaseVideoPlayer: 86f0828a107b2614aff30d7f6a349733c097b1ab
  SJUIKit: 5171ea88d7c2715c7a58f0fee2fb61cfb146d29b
  SJVideoPlayer: 9f819f56c17b0f5520a24fb2caffd06bac893343
  SWTableViewCell: 2a94aadc9d47b2b611fa064566bf57948b95b579
  Toast: 14a93686d6c8bfe2727afd342414e35660a8a1f3
  TZImagePickerController: ea3e906af8caa7088f612ad673feb73cc6aa6bfc
  VTMagic: b49e5f456dbcbfd9a3588ba92417233a105bc193
  WMDragView: 18f2c5d18c350ea4b0ac1cc64066abfe5caea443
  WMPageController: 0c7624d2b48e4f1ab92371688cf6744ed701575d
  XCXIB: bcd7466b373948e56dfe8ec837ff19e47239ac2a
  YTKNetwork: df8a7a5597bda1664a4efaa7ef871a818a887fe0
  ZBarSDK: 4c1b5daeb7d6cc67dc9355e690af0230a661f6ec

PODFILE CHECKSUM: 2ab65e36fbae6655041c2026267e673a781c2d7d

COCOAPODS: 1.7.5
